
Microsoft Visual Studio Solution File, Format Version 12.00
# Visual Studio Version 16
VisualStudioVersion = 16.0.30621.155
MinimumVisualStudioVersion = 10.0.40219.1
Project("{FAE04EC0-301F-11D3-BF4B-00C04F79EFBC}") = "ASP.NET_SCHOOL_MANAGEMENT_SITE", "ASP.NET_SCHOOL_MANAGEMENT_SITE.csproj", "{2413A3DA-3FF2-4D66-B1B4-F46ABE6E9A26}"
EndProject
Global
	GlobalSection(SolutionConfigurationPlatforms) = preSolution
		Debug|Any CPU = Debug|Any CPU
		Release|Any CPU = Release|Any CPU
	EndGlobalSection
	GlobalSection(ProjectConfigurationPlatforms) = postSolution
		{2413A3DA-3FF2-4D66-B1B4-F46ABE6E9A26}.Debug|Any CPU.ActiveCfg = Debug|Any CPU
		{2413A3DA-3FF2-4D66-B1B4-F46ABE6E9A26}.Debug|Any CPU.Build.0 = Debug|Any CPU
		{2413A3DA-3FF2-4D66-B1B4-F46ABE6E9A26}.Release|Any CPU.ActiveCfg = Release|Any CPU
		{2413A3DA-3FF2-4D66-B1B4-F46ABE6E9A26}.Release|Any CPU.Build.0 = Release|Any CPU
	EndGlobalSection
	GlobalSection(SolutionProperties) = preSolution
		HideSolutionNode = FALSE
	EndGlobalSection
	GlobalSection(ExtensibilityGlobals) = postSolution
		SolutionGuid = {9B5FA4F5-A6BA-4C57-92A0-D45441DF4413}
	EndGlobalSection
EndGlobal
